// !$*UTF8*$!
{
	archiveVersion = 1;
	classes = {
	};
	objectVersion = 56;
	objects = {

/* Begin PBXBuildFile section */
		C1A6A4D429C9AFF10058DA49 /* String + Ext.swift in Sources */ = {isa = PBXBuildFile; fileRef = C1A6A4D329C9AFF10058DA49 /* String + Ext.swift */; };
		C1A6A4DB29C9D6FA0058DA49 /* Friend+CoreDataClass.swift in Sources */ = {isa = PBXBuildFile; fileRef = C1A6A4D929C9D6FA0058DA49 /* Friend+CoreDataClass.swift */; };
		C1A6A4DC29C9D6FA0058DA49 /* Friend+CoreDataProperties.swift in Sources */ = {isa = PBXBuildFile; fileRef = C1A6A4DA29C9D6FA0058DA49 /* Friend+CoreDataProperties.swift */; };
		C1A6A4DF29C9E16C0058DA49 /* Fonts.swift in Sources */ = {isa = PBXBuildFile; fileRef = C1A6A4DE29C9E16C0058DA49 /* Fonts.swift */; };
		C1A6A4E129C9E1740058DA49 /* Colors.swift in Sources */ = {isa = PBXBuildFile; fileRef = C1A6A4E029C9E1740058DA49 /* Colors.swift */; };
		C1FBBF3D29C455A800F3B649 /* AppDelegate.swift in Sources */ = {isa = PBXBuildFile; fileRef = C1FBBF3C29C455A800F3B649 /* AppDelegate.swift */; };
		C1FBBF3F29C455A800F3B649 /* SceneDelegate.swift in Sources */ = {isa = PBXBuildFile; fileRef = C1FBBF3E29C455A800F3B649 /* SceneDelegate.swift */; };
		C1FBBF4129C455A800F3B649 /* HomeViewController.swift in Sources */ = {isa = PBXBuildFile; fileRef = C1FBBF4029C455A800F3B649 /* HomeViewController.swift */; };
		C1FBBF4729C455A800F3B649 /* List_of_friends.xcdatamodeld in Sources */ = {isa = PBXBuildFile; fileRef = C1FBBF4529C455A800F3B649 /* List_of_friends.xcdatamodeld */; };
		C1FBBF4929C455AA00F3B649 /* Assets.xcassets in Resources */ = {isa = PBXBuildFile; fileRef = C1FBBF4829C455AA00F3B649 /* Assets.xcassets */; };
		C1FBBF5C29C464E400F3B649 /* CoreDataManager.swift in Sources */ = {isa = PBXBuildFile; fileRef = C1FBBF5B29C464E400F3B649 /* CoreDataManager.swift */; };
		C1FBBF5F29C46A7600F3B649 /* SnapKit in Frameworks */ = {isa = PBXBuildFile; productRef = C1FBBF5E29C46A7600F3B649 /* SnapKit */; };
		C1FBBF6129C4808500F3B649 /* UIColor + Ext.swift in Sources */ = {isa = PBXBuildFile; fileRef = C1FBBF6029C4808500F3B649 /* UIColor + Ext.swift */; };
		C1FBBF6529C4828A00F3B649 /* UITextField + Ext.swift in Sources */ = {isa = PBXBuildFile; fileRef = C1FBBF6429C4828A00F3B649 /* UITextField + Ext.swift */; };
		C1FBBF6729C4840400F3B649 /* FriendTableViewCell.swift in Sources */ = {isa = PBXBuildFile; fileRef = C1FBBF6629C4840400F3B649 /* FriendTableViewCell.swift */; };
		C1FBBF6F29C4AFCF00F3B649 /* DetailViewController.swift in Sources */ = {isa = PBXBuildFile; fileRef = C1FBBF6E29C4AFCF00F3B649 /* DetailViewController.swift */; };
		C1FBBF7229C609DD00F3B649 /* HomePresenter.swift in Sources */ = {isa = PBXBuildFile; fileRef = C1FBBF7129C609DD00F3B649 /* HomePresenter.swift */; };
		C1FBBF7729C6175900F3B649 /* DetailPresenter.swift in Sources */ = {isa = PBXBuildFile; fileRef = C1FBBF7629C6175900F3B649 /* DetailPresenter.swift */; };
		C1FBBF7929C8301400F3B649 /* ModuleBuilder.swift in Sources */ = {isa = PBXBuildFile; fileRef = C1FBBF7829C8301400F3B649 /* ModuleBuilder.swift */; };
/* End PBXBuildFile section */

/* Begin PBXFileReference section */
		C1A6A4D329C9AFF10058DA49 /* String + Ext.swift */ = {isa = PBXFileReference; lastKnownFileType = sourcecode.swift; path = "String + Ext.swift"; sourceTree = "<group>"; };
		C1A6A4D929C9D6FA0058DA49 /* Friend+CoreDataClass.swift */ = {isa = PBXFileReference; lastKnownFileType = sourcecode.swift; path = "Friend+CoreDataClass.swift"; sourceTree = "<group>"; };
		C1A6A4DA29C9D6FA0058DA49 /* Friend+CoreDataProperties.swift */ = {isa = PBXFileReference; lastKnownFileType = sourcecode.swift; path = "Friend+CoreDataProperties.swift"; sourceTree = "<group>"; };
		C1A6A4DE29C9E16C0058DA49 /* Fonts.swift */ = {isa = PBXFileReference; lastKnownFileType = sourcecode.swift; path = Fonts.swift; sourceTree = "<group>"; };
		C1A6A4E029C9E1740058DA49 /* Colors.swift */ = {isa = PBXFileReference; lastKnownFileType = sourcecode.swift; path = Colors.swift; sourceTree = "<group>"; };
		C1FBBF3929C455A800F3B649 /* List of friends.app */ = {isa = PBXFileReference; explicitFileType = wrapper.application; includeInIndex = 0; path = "List of friends.app"; sourceTree = BUILT_PRODUCTS_DIR; };
		C1FBBF3C29C455A800F3B649 /* AppDelegate.swift */ = {isa = PBXFileReference; lastKnownFileType = sourcecode.swift; path = AppDelegate.swift; sourceTree = "<group>"; };
		C1FBBF3E29C455A800F3B649 /* SceneDelegate.swift */ = {isa = PBXFileReference; lastKnownFileType = sourcecode.swift; path = SceneDelegate.swift; sourceTree = "<group>"; };
		C1FBBF4029C455A800F3B649 /* HomeViewController.swift */ = {isa = PBXFileReference; lastKnownFileType = sourcecode.swift; path = HomeViewController.swift; sourceTree = "<group>"; };
		C1FBBF4629C455A800F3B649 /* List_of_friends.xcdatamodel */ = {isa = PBXFileReference; lastKnownFileType = wrapper.xcdatamodel; path = List_of_friends.xcdatamodel; sourceTree = "<group>"; };
		C1FBBF4829C455AA00F3B649 /* Assets.xcassets */ = {isa = PBXFileReference; lastKnownFileType = folder.assetcatalog; path = Assets.xcassets; sourceTree = "<group>"; };
		C1FBBF4D29C455AA00F3B649 /* Info.plist */ = {isa = PBXFileReference; lastKnownFileType = text.plist.xml; path = Info.plist; sourceTree = "<group>"; };
		C1FBBF5B29C464E400F3B649 /* CoreDataManager.swift */ = {isa = PBXFileReference; lastKnownFileType = sourcecode.swift; path = CoreDataManager.swift; sourceTree = "<group>"; };
		C1FBBF6029C4808500F3B649 /* UIColor + Ext.swift */ = {isa = PBXFileReference; lastKnownFileType = sourcecode.swift; path = "UIColor + Ext.swift"; sourceTree = "<group>"; };
		C1FBBF6429C4828A00F3B649 /* UITextField + Ext.swift */ = {isa = PBXFileReference; lastKnownFileType = sourcecode.swift; path = "UITextField + Ext.swift"; sourceTree = "<group>"; };
		C1FBBF6629C4840400F3B649 /* FriendTableViewCell.swift */ = {isa = PBXFileReference; lastKnownFileType = sourcecode.swift; path = FriendTableViewCell.swift; sourceTree = "<group>"; };
		C1FBBF6E29C4AFCF00F3B649 /* DetailViewController.swift */ = {isa = PBXFileReference; lastKnownFileType = sourcecode.swift; path = DetailViewController.swift; sourceTree = "<group>"; };
		C1FBBF7129C609DD00F3B649 /* HomePresenter.swift */ = {isa = PBXFileReference; lastKnownFileType = sourcecode.swift; path = HomePresenter.swift; sourceTree = "<group>"; };
		C1FBBF7629C6175900F3B649 /* DetailPresenter.swift */ = {isa = PBXFileReference; lastKnownFileType = sourcecode.swift; path = DetailPresenter.swift; sourceTree = "<group>"; };
		C1FBBF7829C8301400F3B649 /* ModuleBuilder.swift */ = {isa = PBXFileReference; lastKnownFileType = sourcecode.swift; path = ModuleBuilder.swift; sourceTree = "<group>"; };
/* End PBXFileReference section */

/* Begin PBXFrameworksBuildPhase section */
		C1FBBF3629C455A800F3B649 /* Frameworks */ = {
			isa = PBXFrameworksBuildPhase;
			buildActionMask = 2147483647;
			files = (
				C1FBBF5F29C46A7600F3B649 /* SnapKit in Frameworks */,
			);
			runOnlyForDeploymentPostprocessing = 0;
		};
/* End PBXFrameworksBuildPhase section */

/* Begin PBXGroup section */
		C1A6A4DD29C9E1590058DA49 /* Constants */ = {
			isa = PBXGroup;
			children = (
				C1A6A4DE29C9E16C0058DA49 /* Fonts.swift */,
				C1A6A4E029C9E1740058DA49 /* Colors.swift */,
			);
			path = Constants;
			sourceTree = "<group>";
		};
		C1FBBF3029C455A800F3B649 = {
			isa = PBXGroup;
			children = (
				C1FBBF3B29C455A800F3B649 /* List of friends */,
				C1FBBF3A29C455A800F3B649 /* Products */,
			);
			sourceTree = "<group>";
		};
		C1FBBF3A29C455A800F3B649 /* Products */ = {
			isa = PBXGroup;
			children = (
				C1FBBF3929C455A800F3B649 /* List of friends.app */,
			);
			name = Products;
			sourceTree = "<group>";
		};
		C1FBBF3B29C455A800F3B649 /* List of friends */ = {
			isa = PBXGroup;
			children = (
				C1FBBF5429C4574000F3B649 /* Sources */,
				C1FBBF5329C4573900F3B649 /* Resources */,
			);
			path = "List of friends";
			sourceTree = "<group>";
		};
		C1FBBF5329C4573900F3B649 /* Resources */ = {
			isa = PBXGroup;
			children = (
				C1FBBF4829C455AA00F3B649 /* Assets.xcassets */,
				C1FBBF4D29C455AA00F3B649 /* Info.plist */,
				C1FBBF4529C455A800F3B649 /* List_of_friends.xcdatamodeld */,
			);
			path = Resources;
			sourceTree = "<group>";
		};
		C1FBBF5429C4574000F3B649 /* Sources */ = {
			isa = PBXGroup;
			children = (
				C1A6A4DD29C9E1590058DA49 /* Constants */,
				C1FBBF5529C4574A00F3B649 /* App */,
				C1FBBF6829C49D4300F3B649 /* Extension */,
				C1FBBF7A29C83D2900F3B649 /* Builder */,
				C1FBBF5A29C4649F00F3B649 /* Entity */,
				C1FBBF6929C49D8100F3B649 /* Services */,
				C1FBBF7029C609A800F3B649 /* HomeScene */,
				C1FBBF7529C6143700F3B649 /* DetailScene */,
			);
			path = Sources;
			sourceTree = "<group>";
		};
		C1FBBF5529C4574A00F3B649 /* App */ = {
			isa = PBXGroup;
			children = (
				C1FBBF3C29C455A800F3B649 /* AppDelegate.swift */,
				C1FBBF3E29C455A800F3B649 /* SceneDelegate.swift */,
			);
			path = App;
			sourceTree = "<group>";
		};
		C1FBBF5A29C4649F00F3B649 /* Entity */ = {
			isa = PBXGroup;
			children = (
				C1A6A4D929C9D6FA0058DA49 /* Friend+CoreDataClass.swift */,
				C1A6A4DA29C9D6FA0058DA49 /* Friend+CoreDataProperties.swift */,
			);
			name = Entity;
			path = ../..;
			sourceTree = "<group>";
		};
		C1FBBF6829C49D4300F3B649 /* Extension */ = {
			isa = PBXGroup;
			children = (
				C1FBBF6029C4808500F3B649 /* UIColor + Ext.swift */,
				C1FBBF6429C4828A00F3B649 /* UITextField + Ext.swift */,
				C1A6A4D329C9AFF10058DA49 /* String + Ext.swift */,
			);
			path = Extension;
			sourceTree = "<group>";
		};
		C1FBBF6929C49D8100F3B649 /* Services */ = {
			isa = PBXGroup;
			children = (
				C1FBBF5B29C464E400F3B649 /* CoreDataManager.swift */,
			);
			path = Services;
			sourceTree = "<group>";
		};
		C1FBBF7029C609A800F3B649 /* HomeScene */ = {
			isa = PBXGroup;
			children = (
				C1FBBF7129C609DD00F3B649 /* HomePresenter.swift */,
				C1FBBF4029C455A800F3B649 /* HomeViewController.swift */,
				C1FBBF6629C4840400F3B649 /* FriendTableViewCell.swift */,
			);
			path = HomeScene;
			sourceTree = "<group>";
		};
		C1FBBF7529C6143700F3B649 /* DetailScene */ = {
			isa = PBXGroup;
			children = (
				C1FBBF7629C6175900F3B649 /* DetailPresenter.swift */,
				C1FBBF6E29C4AFCF00F3B649 /* DetailViewController.swift */,
			);
			path = DetailScene;
			sourceTree = "<group>";
		};
		C1FBBF7A29C83D2900F3B649 /* Builder */ = {
			isa = PBXGroup;
			children = (
				C1FBBF7829C8301400F3B649 /* ModuleBuilder.swift */,
			);
			path = Builder;
			sourceTree = "<group>";
		};
/* End PBXGroup section */

/* Begin PBXNativeTarget section */
		C1FBBF3829C455A800F3B649 /* List of friends */ = {
			isa = PBXNativeTarget;
			buildConfigurationList = C1FBBF5029C455AA00F3B649 /* Build configuration list for PBXNativeTarget "List of friends" */;
			buildPhases = (
				C1FBBF3529C455A800F3B649 /* Sources */,
				C1FBBF3629C455A800F3B649 /* Frameworks */,
				C1FBBF3729C455A800F3B649 /* Resources */,
			);
			buildRules = (
			);
			dependencies = (
			);
			name = "List of friends";
			packageProductDependencies = (
				C1FBBF5E29C46A7600F3B649 /* SnapKit */,
			);
			productName = "List of friends";
			productReference = C1FBBF3929C455A800F3B649 /* List of friends.app */;
			productType = "com.apple.product-type.application";
		};
/* End PBXNativeTarget section */

/* Begin PBXProject section */
		C1FBBF3129C455A800F3B649 /* Project object */ = {
			isa = PBXProject;
			attributes = {
				BuildIndependentTargetsInParallel = 1;
				LastSwiftUpdateCheck = 1420;
				LastUpgradeCheck = 1420;
				TargetAttributes = {
					C1FBBF3829C455A800F3B649 = {
						CreatedOnToolsVersion = 14.2;
					};
				};
			};
			buildConfigurationList = C1FBBF3429C455A800F3B649 /* Build configuration list for PBXProject "List of friends" */;
			compatibilityVersion = "Xcode 14.0";
			developmentRegion = en;
			hasScannedForEncodings = 0;
			knownRegions = (
				en,
				Base,
			);
			mainGroup = C1FBBF3029C455A800F3B649;
			packageReferences = (
				C1FBBF5D29C46A7600F3B649 /* XCRemoteSwiftPackageReference "SnapKit" */,
			);
			productRefGroup = C1FBBF3A29C455A800F3B649 /* Products */;
			projectDirPath = "";
			projectRoot = "";
			targets = (
				C1FBBF3829C455A800F3B649 /* List of friends */,
			);
		};
/* End PBXProject section */

/* Begin PBXResourcesBuildPhase section */
		C1FBBF3729C455A800F3B649 /* Resources */ = {
			isa = PBXResourcesBuildPhase;
			buildActionMask = 2147483647;
			files = (
				C1FBBF4929C455AA00F3B649 /* Assets.xcassets in Resources */,
			);
			runOnlyForDeploymentPostprocessing = 0;
		};
/* End PBXResourcesBuildPhase section */

/* Begin PBXSourcesBuildPhase section */
		C1FBBF3529C455A800F3B649 /* Sources */ = {
			isa = PBXSourcesBuildPhase;
			buildActionMask = 2147483647;
			files = (
				C1A6A4DF29C9E16C0058DA49 /* Fonts.swift in Sources */,
				C1FBBF6F29C4AFCF00F3B649 /* DetailViewController.swift in Sources */,
				C1FBBF6529C4828A00F3B649 /* UITextField + Ext.swift in Sources */,
				C1A6A4E129C9E1740058DA49 /* Colors.swift in Sources */,
				C1A6A4DC29C9D6FA0058DA49 /* Friend+CoreDataProperties.swift in Sources */,
				C1FBBF4129C455A800F3B649 /* HomeViewController.swift in Sources */,
				C1FBBF7229C609DD00F3B649 /* HomePresenter.swift in Sources */,
				C1FBBF3D29C455A800F3B649 /* AppDelegate.swift in Sources */,
				C1A6A4DB29C9D6FA0058DA49 /* Friend+CoreDataClass.swift in Sources */,
				C1FBBF4729C455A800F3B649 /* List_of_friends.xcdatamodeld in Sources */,
				C1FBBF5C29C464E400F3B649 /* CoreDataManager.swift in Sources */,
				C1FBBF6729C4840400F3B649 /* FriendTableViewCell.swift in Sources */,
				C1FBBF7729C6175900F3B649 /* DetailPresenter.swift in Sources */,
				C1FBBF7929C8301400F3B649 /* ModuleBuilder.swift in Sources */,
				C1FBBF3F29C455A800F3B649 /* SceneDelegate.swift in Sources */,
				C1A6A4D429C9AFF10058DA49 /* String + Ext.swift in Sources */,
				C1FBBF6129C4808500F3B649 /* UIColor + Ext.swift in Sources */,
			);
			runOnlyForDeploymentPostprocessing = 0;
		};
/* End PBXSourcesBuildPhase section */

/* Begin XCBuildConfiguration section */
		C1FBBF4E29C455AA00F3B649 /* Debug */ = {
			isa = XCBuildConfiguration;
			buildSettings = {
				ALWAYS_SEARCH_USER_PATHS = NO;
				CLANG_ANALYZER_NONNULL = YES;
				CLANG_ANALYZER_NUMBER_OBJECT_CONVERSION = YES_AGGRESSIVE;
				CLANG_CXX_LANGUAGE_STANDARD = "gnu++20";
				CLANG_ENABLE_MODULES = YES;
				CLANG_ENABLE_OBJC_ARC = YES;
				CLANG_ENABLE_OBJC_WEAK = YES;
				CLANG_WARN_BLOCK_CAPTURE_AUTORELEASING = YES;
				CLANG_WARN_BOOL_CONVERSION = YES;
				CLANG_WARN_COMMA = YES;
				CLANG_WARN_CONSTANT_CONVERSION = YES;
				CLANG_WARN_DEPRECATED_OBJC_IMPLEMENTATIONS = YES;
				CLANG_WARN_DIRECT_OBJC_ISA_USAGE = YES_ERROR;
				CLANG_WARN_DOCUMENTATION_COMMENTS = YES;
				CLANG_WARN_EMPTY_BODY = YES;
				CLANG_WARN_ENUM_CONVERSION = YES;
				CLANG_WARN_INFINITE_RECURSION = YES;
				CLANG_WARN_INT_CONVERSION = YES;
				CLANG_WARN_NON_LITERAL_NULL_CONVERSION = YES;
				CLANG_WARN_OBJC_IMPLICIT_RETAIN_SELF = YES;
				CLANG_WARN_OBJC_LITERAL_CONVERSION = YES;
				CLANG_WARN_OBJC_ROOT_CLASS = YES_ERROR;
				CLANG_WARN_QUOTED_INCLUDE_IN_FRAMEWORK_HEADER = YES;
				CLANG_WARN_RANGE_LOOP_ANALYSIS = YES;
				CLANG_WARN_STRICT_PROTOTYPES = YES;
				CLANG_WARN_SUSPICIOUS_MOVE = YES;
				CLANG_WARN_UNGUARDED_AVAILABILITY = YES_AGGRESSIVE;
				CLANG_WARN_UNREACHABLE_CODE = YES;
				CLANG_WARN__DUPLICATE_METHOD_MATCH = YES;
				COPY_PHASE_STRIP = NO;
				DEBUG_INFORMATION_FORMAT = dwarf;
				ENABLE_STRICT_OBJC_MSGSEND = YES;
				ENABLE_TESTABILITY = YES;
				GCC_C_LANGUAGE_STANDARD = gnu11;
				GCC_DYNAMIC_NO_PIC = NO;
				GCC_NO_COMMON_BLOCKS = YES;
				GCC_OPTIMIZATION_LEVEL = 0;
				GCC_PREPROCESSOR_DEFINITIONS = (
					"DEBUG=1",
					"$(inherited)",
				);
				GCC_WARN_64_TO_32_BIT_CONVERSION = YES;
				GCC_WARN_ABOUT_RETURN_TYPE = YES_ERROR;
				GCC_WARN_UNDECLARED_SELECTOR = YES;
				GCC_WARN_UNINITIALIZED_AUTOS = YES_AGGRESSIVE;
				GCC_WARN_UNUSED_FUNCTION = YES;
				GCC_WARN_UNUSED_VARIABLE = YES;
				IPHONEOS_DEPLOYMENT_TARGET = 14.0;
				MTL_ENABLE_DEBUG_INFO = INCLUDE_SOURCE;
				MTL_FAST_MATH = YES;
				ONLY_ACTIVE_ARCH = YES;
				SDKROOT = iphoneos;
				SWIFT_ACTIVE_COMPILATION_CONDITIONS = DEBUG;
				SWIFT_OPTIMIZATION_LEVEL = "-Onone";
			};
			name = Debug;
		};
		C1FBBF4F29C455AA00F3B649 /* Release */ = {
			isa = XCBuildConfiguration;
			buildSettings = {
				ALWAYS_SEARCH_USER_PATHS = NO;
				CLANG_ANALYZER_NONNULL = YES;
				CLANG_ANALYZER_NUMBER_OBJECT_CONVERSION = YES_AGGRESSIVE;
				CLANG_CXX_LANGUAGE_STANDARD = "gnu++20";
				CLANG_ENABLE_MODULES = YES;
				CLANG_ENABLE_OBJC_ARC = YES;
				CLANG_ENABLE_OBJC_WEAK = YES;
				CLANG_WARN_BLOCK_CAPTURE_AUTORELEASING = YES;
				CLANG_WARN_BOOL_CONVERSION = YES;
				CLANG_WARN_COMMA = YES;
				CLANG_WARN_CONSTANT_CONVERSION = YES;
				CLANG_WARN_DEPRECATED_OBJC_IMPLEMENTATIONS = YES;
				CLANG_WARN_DIRECT_OBJC_ISA_USAGE = YES_ERROR;
				CLANG_WARN_DOCUMENTATION_COMMENTS = YES;
				CLANG_WARN_EMPTY_BODY = YES;
				CLANG_WARN_ENUM_CONVERSION = YES;
				CLANG_WARN_INFINITE_RECURSION = YES;
				CLANG_WARN_INT_CONVERSION = YES;
				CLANG_WARN_NON_LITERAL_NULL_CONVERSION = YES;
				CLANG_WARN_OBJC_IMPLICIT_RETAIN_SELF = YES;
				CLANG_WARN_OBJC_LITERAL_CONVERSION = YES;
				CLANG_WARN_OBJC_ROOT_CLASS = YES_ERROR;
				CLANG_WARN_QUOTED_INCLUDE_IN_FRAMEWORK_HEADER = YES;
				CLANG_WARN_RANGE_LOOP_ANALYSIS = YES;
				CLANG_WARN_STRICT_PROTOTYPES = YES;
				CLANG_WARN_SUSPICIOUS_MOVE = YES;
				CLANG_WARN_UNGUARDED_AVAILABILITY = YES_AGGRESSIVE;
				CLANG_WARN_UNREACHABLE_CODE = YES;
				CLANG_WARN__DUPLICATE_METHOD_MATCH = YES;
				COPY_PHASE_STRIP = NO;
				DEBUG_INFORMATION_FORMAT = "dwarf-with-dsym";
				ENABLE_NS_ASSERTIONS = NO;
				ENABLE_STRICT_OBJC_MSGSEND = YES;
				GCC_C_LANGUAGE_STANDARD = gnu11;
				GCC_NO_COMMON_BLOCKS = YES;
				GCC_WARN_64_TO_32_BIT_CONVERSION = YES;
				GCC_WARN_ABOUT_RETURN_TYPE = YES_ERROR;
				GCC_WARN_UNDECLARED_SELECTOR = YES;
				GCC_WARN_UNINITIALIZED_AUTOS = YES_AGGRESSIVE;
				GCC_WARN_UNUSED_FUNCTION = YES;
				GCC_WARN_UNUSED_VARIABLE = YES;
				IPHONEOS_DEPLOYMENT_TARGET = 14.0;
				MTL_ENABLE_DEBUG_INFO = NO;
				MTL_FAST_MATH = YES;
				SDKROOT = iphoneos;
				SWIFT_COMPILATION_MODE = wholemodule;
				SWIFT_OPTIMIZATION_LEVEL = "-O";
				VALIDATE_PRODUCT = YES;
			};
			name = Release;
		};
		C1FBBF5129C455AA00F3B649 /* Debug */ = {
			isa = XCBuildConfiguration;
			buildSettings = {
				ASSETCATALOG_COMPILER_APPICON_NAME = AppIcon;
				ASSETCATALOG_COMPILER_GLOBAL_ACCENT_COLOR_NAME = AccentColor;
				CODE_SIGN_STYLE = Automatic;
				CURRENT_PROJECT_VERSION = 1;
				DEVELOPMENT_TEAM = KD67T552T3;
				GENERATE_INFOPLIST_FILE = YES;
				INFOPLIST_FILE = "List of friends/Resources/Info.plist";
				INFOPLIST_KEY_UIApplicationSupportsIndirectInputEvents = YES;
				INFOPLIST_KEY_UILaunchStoryboardName = LaunchScreen;
				INFOPLIST_KEY_UISupportedInterfaceOrientations = UIInterfaceOrientationPortrait;
				INFOPLIST_KEY_UISupportedInterfaceOrientations_iPad = "UIInterfaceOrientationLandscapeLeft UIInterfaceOrientationLandscapeRight UIInterfaceOrientationPortrait UIInterfaceOrientationPortraitUpsideDown";
				IPHONEOS_DEPLOYMENT_TARGET = 14.0;
				LD_RUNPATH_SEARCH_PATHS = (
					"$(inherited)",
					"@executable_path/Frameworks",
				);
				MARKETING_VERSION = 1.0;
				PRODUCT_BUNDLE_IDENTIFIER = "com.my.List-of-friends";
				PRODUCT_NAME = "$(TARGET_NAME)";
				SUPPORTED_PLATFORMS = "iphoneos iphonesimulator";
				SUPPORTS_MACCATALYST = NO;
				SUPPORTS_MAC_DESIGNED_FOR_IPHONE_IPAD = NO;
				SWIFT_EMIT_LOC_STRINGS = YES;
				SWIFT_VERSION = 5.0;
				TARGETED_DEVICE_FAMILY = 1;
			};
			name = Debug;
		};
		C1FBBF5229C455AA00F3B649 /* Release */ = {
			isa = XCBuildConfiguration;
			buildSettings = {
				ASSETCATALOG_COMPILER_APPICON_NAME = AppIcon;
				ASSETCATALOG_COMPILER_GLOBAL_ACCENT_COLOR_NAME = AccentColor;
				CODE_SIGN_STYLE = Automatic;
				CURRENT_PROJECT_VERSION = 1;
				DEVELOPMENT_TEAM = KD67T552T3;
				GENERATE_INFOPLIST_FILE = YES;
				INFOPLIST_FILE = "List of friends/Resources/Info.plist";
				INFOPLIST_KEY_UIApplicationSupportsIndirectInputEvents = YES;
				INFOPLIST_KEY_UILaunchStoryboardName = LaunchScreen;
				INFOPLIST_KEY_UISupportedInterfaceOrientations = UIInterfaceOrientationPortrait;
				INFOPLIST_KEY_UISupportedInterfaceOrientations_iPad = "UIInterfaceOrientationLandscapeLeft UIInterfaceOrientationLandscapeRight UIInterfaceOrientationPortrait UIInterfaceOrientationPortraitUpsideDown";
				IPHONEOS_DEPLOYMENT_TARGET = 14.0;
				LD_RUNPATH_SEARCH_PATHS = (
					"$(inherited)",
					"@executable_path/Frameworks",
				);
				MARKETING_VERSION = 1.0;
				PRODUCT_BUNDLE_IDENTIFIER = "com.my.List-of-friends";
				PRODUCT_NAME = "$(TARGET_NAME)";
				SUPPORTED_PLATFORMS = "iphoneos iphonesimulator";
				SUPPORTS_MACCATALYST = NO;
				SUPPORTS_MAC_DESIGNED_FOR_IPHONE_IPAD = NO;
				SWIFT_EMIT_LOC_STRINGS = YES;
				SWIFT_VERSION = 5.0;
				TARGETED_DEVICE_FAMILY = 1;
			};
			name = Release;
		};
/* End XCBuildConfiguration section */

/* Begin XCConfigurationList section */
		C1FBBF3429C455A800F3B649 /* Build configuration list for PBXProject "List of friends" */ = {
			isa = XCConfigurationList;
			buildConfigurations = (
				C1FBBF4E29C455AA00F3B649 /* Debug */,
				C1FBBF4F29C455AA00F3B649 /* Release */,
			);
			defaultConfigurationIsVisible = 0;
			defaultConfigurationName = Release;
		};
		C1FBBF5029C455AA00F3B649 /* Build configuration list for PBXNativeTarget "List of friends" */ = {
			isa = XCConfigurationList;
			buildConfigurations = (
				C1FBBF5129C455AA00F3B649 /* Debug */,
				C1FBBF5229C455AA00F3B649 /* Release */,
			);
			defaultConfigurationIsVisible = 0;
			defaultConfigurationName = Release;
		};
/* End XCConfigurationList section */

/* Begin XCRemoteSwiftPackageReference section */
		C1FBBF5D29C46A7600F3B649 /* XCRemoteSwiftPackageReference "SnapKit" */ = {
			isa = XCRemoteSwiftPackageReference;
			repositoryURL = "https://github.com/SnapKit/SnapKit.git";
			requirement = {
				branch = develop;
				kind = branch;
			};
		};
/* End XCRemoteSwiftPackageReference section */

/* Begin XCSwiftPackageProductDependency section */
		C1FBBF5E29C46A7600F3B649 /* SnapKit */ = {
			isa = XCSwiftPackageProductDependency;
			package = C1FBBF5D29C46A7600F3B649 /* XCRemoteSwiftPackageReference "SnapKit" */;
			productName = SnapKit;
		};
/* End XCSwiftPackageProductDependency section */

/* Begin XCVersionGroup section */
		C1FBBF4529C455A800F3B649 /* List_of_friends.xcdatamodeld */ = {
			isa = XCVersionGroup;
			children = (
				C1FBBF4629C455A800F3B649 /* List_of_friends.xcdatamodel */,
			);
			currentVersion = C1FBBF4629C455A800F3B649 /* List_of_friends.xcdatamodel */;
			path = List_of_friends.xcdatamodeld;
			sourceTree = "<group>";
			versionGroupType = wrapper.xcdatamodel;
		};
/* End XCVersionGroup section */
	};
	rootObject = C1FBBF3129C455A800F3B649 /* Project object */;
}
